
Microsoft Visual Studio Solution File, Format Version 12.00
# Visual Studio Version 16
VisualStudioVersion = 16.0.31229.75
MinimumVisualStudioVersion = 10.0.40219.1
Project("{FAE04EC0-301F-11D3-BF4B-00C04F79EFBC}") = "Reforco_Escolar", "Reforco_Escolar\Reforco_Escolar.csproj", "{424B8F20-3CA1-468D-BD47-E9EE88FBA069}"
EndProject
Global
	GlobalSection(SolutionConfigurationPlatforms) = preSolution
		Debug|Any CPU = Debug|Any CPU
		Release|Any CPU = Release|Any CPU
	EndGlobalSection
	GlobalSection(ProjectConfigurationPlatforms) = postSolution
		{424B8F20-3CA1-468D-BD47-E9EE88FBA069}.Debug|Any CPU.ActiveCfg = Debug|Any CPU
		{424B8F20-3CA1-468D-BD47-E9EE88FBA069}.Debug|Any CPU.Build.0 = Debug|Any CPU
		{424B8F20-3CA1-468D-BD47-E9EE88FBA069}.Release|Any CPU.ActiveCfg = Release|Any CPU
		{424B8F20-3CA1-468D-BD47-E9EE88FBA069}.Release|Any CPU.Build.0 = Release|Any CPU
	EndGlobalSection
	GlobalSection(SolutionProperties) = preSolution
		HideSolutionNode = FALSE
	EndGlobalSection
	GlobalSection(ExtensibilityGlobals) = postSolution
		SolutionGuid = {86E8CE53-BB52-44C8-A099-4F864FB42EB7}
	EndGlobalSection
EndGlobal
